
Microsoft Visual Studio Solution File, Format Version 11.00
# Visual Studio 2010
Project("{FAE04EC0-301F-11D3-BF4B-00C04F79EFBC}") = "Assembly-CSharp", "Assembly-CSharp.csproj", "{5c4b5dbf-38de-69ea-848d-0437d4ec3772}"
EndProject
Project("{FAE04EC0-301F-11D3-BF4B-00C04F79EFBC}") = "Assembly-CSharp-Editor", "Assembly-CSharp-Editor.csproj", "{ec94182b-dd83-c857-36e1-2540ac4a206c}"
EndProject
Global
	GlobalSection(SolutionConfigurationPlatforms) = preSolution
		Debug|Any CPU = Debug|Any CPU
	EndGlobalSection
	GlobalSection(ProjectConfigurationPlatforms) = postSolution
		{5c4b5dbf-38de-69ea-848d-0437d4ec3772}.Debug|Any CPU.ActiveCfg = Debug|Any CPU
		{5c4b5dbf-38de-69ea-848d-0437d4ec3772}.Debug|Any CPU.Build.0 = Debug|Any CPU
		{ec94182b-dd83-c857-36e1-2540ac4a206c}.Debug|Any CPU.ActiveCfg = Debug|Any CPU
		{ec94182b-dd83-c857-36e1-2540ac4a206c}.Debug|Any CPU.Build.0 = Debug|Any CPU
	EndGlobalSection
	GlobalSection(SolutionProperties) = preSolution
		HideSolutionNode = FALSE
	EndGlobalSection
EndGlobal
