
Microsoft Visual Studio Solution File, Format Version 11.00
# Visual Studio 2010
Project("{FAE04EC0-301F-11D3-BF4B-00C04F79EFBC}") = "Assembly-CSharp", "Assembly-CSharp.csproj", "{BF5D4B5C-DE38-EA69-848D-0437D4EC3772}"
EndProject
Project("{FAE04EC0-301F-11D3-BF4B-00C04F79EFBC}") = "Assembly-CSharp-Editor", "Assembly-CSharp-Editor.csproj", "{2B1894EC-83DD-57C8-36E1-2540AC4A206C}"
EndProject
Global
	GlobalSection(SolutionConfigurationPlatforms) = preSolution
		Debug|Any CPU = Debug|Any CPU
		Release|Any CPU = Release|Any CPU
	EndGlobalSection
	GlobalSection(ProjectConfigurationPlatforms) = postSolution
		{BF5D4B5C-DE38-EA69-848D-0437D4EC3772}.Debug|Any CPU.ActiveCfg = Debug|Any CPU
		{BF5D4B5C-DE38-EA69-848D-0437D4EC3772}.Debug|Any CPU.Build.0 = Debug|Any CPU
		{BF5D4B5C-DE38-EA69-848D-0437D4EC3772}.Release|Any CPU.ActiveCfg = Release|Any CPU
		{BF5D4B5C-DE38-EA69-848D-0437D4EC3772}.Release|Any CPU.Build.0 = Release|Any CPU
		{2B1894EC-83DD-57C8-36E1-2540AC4A206C}.Debug|Any CPU.ActiveCfg = Debug|Any CPU
		{2B1894EC-83DD-57C8-36E1-2540AC4A206C}.Debug|Any CPU.Build.0 = Debug|Any CPU
		{2B1894EC-83DD-57C8-36E1-2540AC4A206C}.Release|Any CPU.ActiveCfg = Release|Any CPU
		{2B1894EC-83DD-57C8-36E1-2540AC4A206C}.Release|Any CPU.Build.0 = Release|Any CPU
	EndGlobalSection
	GlobalSection(SolutionProperties) = preSolution
		HideSolutionNode = FALSE
	EndGlobalSection
EndGlobal
